
Microsoft Visual Studio Solution File, Format Version 12.00
# Visual Studio Version 16
VisualStudioVersion = 16.0.31205.134
MinimumVisualStudioVersion = 10.0.40219.1
Project("{FAE04EC0-301F-11D3-BF4B-00C04F79EFBC}") = "Blooso.UWP", "Blooso\Blooso.UWP\Blooso.UWP.csproj", "{62D48893-89E7-4A59-AFA6-5F0303B2C5D7}"
EndProject
Project("{FAE04EC0-301F-11D3-BF4B-00C04F79EFBC}") = "Blooso.Android", "Blooso\Blooso.Android\Blooso.Android.csproj", "{E3D00E9A-0D75-497B-88B2-AA7DDAA276A4}"
EndProject
Project("{9A19103F-16F7-4668-BE54-9A1E7A4F7556}") = "Blooso", "Blooso\Blooso\Blooso.csproj", "{56C02523-2720-4C8B-B1D2-6BFA792D025F}"
EndProject
Project("{9A19103F-16F7-4668-BE54-9A1E7A4F7556}") = "Blooso.Tests", "Blooso.Tests\Blooso.Tests.csproj", "{8F9E5977-29C2-4F3E-92FA-D4FD09B5B76D}"
EndProject
Project("{2150E333-8FDC-42A3-9474-1A3956D46DE8}") = "Solution Items", "Solution Items", "{512F3396-EC9D-4438-95A0-0A8F58F952FC}"
	ProjectSection(SolutionItems) = preProject
		.editorconfig = .editorconfig
	EndProjectSection
EndProject
Global
	GlobalSection(SolutionConfigurationPlatforms) = preSolution
		Debug|Any CPU = Debug|Any CPU
		Debug|ARM = Debug|ARM
		Debug|x64 = Debug|x64
		Debug|x86 = Debug|x86
		Release|Any CPU = Release|Any CPU
		Release|ARM = Release|ARM
		Release|x64 = Release|x64
		Release|x86 = Release|x86
	EndGlobalSection
	GlobalSection(ProjectConfigurationPlatforms) = postSolution
		{62D48893-89E7-4A59-AFA6-5F0303B2C5D7}.Debug|Any CPU.ActiveCfg = Debug|x86
		{62D48893-89E7-4A59-AFA6-5F0303B2C5D7}.Debug|ARM.ActiveCfg = Debug|ARM
		{62D48893-89E7-4A59-AFA6-5F0303B2C5D7}.Debug|ARM.Build.0 = Debug|ARM
		{62D48893-89E7-4A59-AFA6-5F0303B2C5D7}.Debug|ARM.Deploy.0 = Debug|ARM
		{62D48893-89E7-4A59-AFA6-5F0303B2C5D7}.Debug|x64.ActiveCfg = Debug|x64
		{62D48893-89E7-4A59-AFA6-5F0303B2C5D7}.Debug|x64.Build.0 = Debug|x64
		{62D48893-89E7-4A59-AFA6-5F0303B2C5D7}.Debug|x64.Deploy.0 = Debug|x64
		{62D48893-89E7-4A59-AFA6-5F0303B2C5D7}.Debug|x86.ActiveCfg = Debug|x86
		{62D48893-89E7-4A59-AFA6-5F0303B2C5D7}.Debug|x86.Build.0 = Debug|x86
		{62D48893-89E7-4A59-AFA6-5F0303B2C5D7}.Debug|x86.Deploy.0 = Debug|x86
		{62D48893-89E7-4A59-AFA6-5F0303B2C5D7}.Release|Any CPU.ActiveCfg = Release|x86
		{62D48893-89E7-4A59-AFA6-5F0303B2C5D7}.Release|Any CPU.Build.0 = Release|x86
		{62D48893-89E7-4A59-AFA6-5F0303B2C5D7}.Release|Any CPU.Deploy.0 = Release|x86
		{62D48893-89E7-4A59-AFA6-5F0303B2C5D7}.Release|ARM.ActiveCfg = Release|ARM
		{62D48893-89E7-4A59-AFA6-5F0303B2C5D7}.Release|ARM.Build.0 = Release|ARM
		{62D48893-89E7-4A59-AFA6-5F0303B2C5D7}.Release|ARM.Deploy.0 = Release|ARM
		{62D48893-89E7-4A59-AFA6-5F0303B2C5D7}.Release|x64.ActiveCfg = Release|x64
		{62D48893-89E7-4A59-AFA6-5F0303B2C5D7}.Release|x64.Build.0 = Release|x64
		{62D48893-89E7-4A59-AFA6-5F0303B2C5D7}.Release|x64.Deploy.0 = Release|x64
		{62D48893-89E7-4A59-AFA6-5F0303B2C5D7}.Release|x86.ActiveCfg = Release|x86
		{62D48893-89E7-4A59-AFA6-5F0303B2C5D7}.Release|x86.Build.0 = Release|x86
		{62D48893-89E7-4A59-AFA6-5F0303B2C5D7}.Release|x86.Deploy.0 = Release|x86
		{E3D00E9A-0D75-497B-88B2-AA7DDAA276A4}.Debug|Any CPU.ActiveCfg = Debug|Any CPU
		{E3D00E9A-0D75-497B-88B2-AA7DDAA276A4}.Debug|Any CPU.Build.0 = Debug|Any CPU
		{E3D00E9A-0D75-497B-88B2-AA7DDAA276A4}.Debug|Any CPU.Deploy.0 = Debug|Any CPU
		{E3D00E9A-0D75-497B-88B2-AA7DDAA276A4}.Debug|ARM.ActiveCfg = Debug|Any CPU
		{E3D00E9A-0D75-497B-88B2-AA7DDAA276A4}.Debug|ARM.Build.0 = Debug|Any CPU
		{E3D00E9A-0D75-497B-88B2-AA7DDAA276A4}.Debug|ARM.Deploy.0 = Debug|Any CPU
		{E3D00E9A-0D75-497B-88B2-AA7DDAA276A4}.Debug|x64.ActiveCfg = Debug|Any CPU
		{E3D00E9A-0D75-497B-88B2-AA7DDAA276A4}.Debug|x64.Build.0 = Debug|Any CPU
		{E3D00E9A-0D75-497B-88B2-AA7DDAA276A4}.Debug|x64.Deploy.0 = Debug|Any CPU
		{E3D00E9A-0D75-497B-88B2-AA7DDAA276A4}.Debug|x86.ActiveCfg = Debug|Any CPU
		{E3D00E9A-0D75-497B-88B2-AA7DDAA276A4}.Debug|x86.Build.0 = Debug|Any CPU
		{E3D00E9A-0D75-497B-88B2-AA7DDAA276A4}.Debug|x86.Deploy.0 = Debug|Any CPU
		{E3D00E9A-0D75-497B-88B2-AA7DDAA276A4}.Release|Any CPU.ActiveCfg = Release|Any CPU
		{E3D00E9A-0D75-497B-88B2-AA7DDAA276A4}.Release|Any CPU.Build.0 = Release|Any CPU
		{E3D00E9A-0D75-497B-88B2-AA7DDAA276A4}.Release|Any CPU.Deploy.0 = Release|Any CPU
		{E3D00E9A-0D75-497B-88B2-AA7DDAA276A4}.Release|ARM.ActiveCfg = Release|Any CPU
		{E3D00E9A-0D75-497B-88B2-AA7DDAA276A4}.Release|ARM.Build.0 = Release|Any CPU
		{E3D00E9A-0D75-497B-88B2-AA7DDAA276A4}.Release|ARM.Deploy.0 = Release|Any CPU
		{E3D00E9A-0D75-497B-88B2-AA7DDAA276A4}.Release|x64.ActiveCfg = Release|Any CPU
		{E3D00E9A-0D75-497B-88B2-AA7DDAA276A4}.Release|x64.Build.0 = Release|Any CPU
		{E3D00E9A-0D75-497B-88B2-AA7DDAA276A4}.Release|x64.Deploy.0 = Release|Any CPU
		{E3D00E9A-0D75-497B-88B2-AA7DDAA276A4}.Release|x86.ActiveCfg = Release|Any CPU
		{E3D00E9A-0D75-497B-88B2-AA7DDAA276A4}.Release|x86.Build.0 = Release|Any CPU
		{E3D00E9A-0D75-497B-88B2-AA7DDAA276A4}.Release|x86.Deploy.0 = Release|Any CPU
		{56C02523-2720-4C8B-B1D2-6BFA792D025F}.Debug|Any CPU.ActiveCfg = Debug|Any CPU
		{56C02523-2720-4C8B-B1D2-6BFA792D025F}.Debug|Any CPU.Build.0 = Debug|Any CPU
		{56C02523-2720-4C8B-B1D2-6BFA792D025F}.Debug|Any CPU.Deploy.0 = Debug|Any CPU
		{56C02523-2720-4C8B-B1D2-6BFA792D025F}.Debug|ARM.ActiveCfg = Debug|Any CPU
		{56C02523-2720-4C8B-B1D2-6BFA792D025F}.Debug|ARM.Build.0 = Debug|Any CPU
		{56C02523-2720-4C8B-B1D2-6BFA792D025F}.Debug|ARM.Deploy.0 = Debug|Any CPU
		{56C02523-2720-4C8B-B1D2-6BFA792D025F}.Debug|x64.ActiveCfg = Debug|Any CPU
		{56C02523-2720-4C8B-B1D2-6BFA792D025F}.Debug|x64.Build.0 = Debug|Any CPU
		{56C02523-2720-4C8B-B1D2-6BFA792D025F}.Debug|x64.Deploy.0 = Debug|Any CPU
		{56C02523-2720-4C8B-B1D2-6BFA792D025F}.Debug|x86.ActiveCfg = Debug|Any CPU
		{56C02523-2720-4C8B-B1D2-6BFA792D025F}.Debug|x86.Build.0 = Debug|Any CPU
		{56C02523-2720-4C8B-B1D2-6BFA792D025F}.Debug|x86.Deploy.0 = Debug|Any CPU
		{56C02523-2720-4C8B-B1D2-6BFA792D025F}.Release|Any CPU.ActiveCfg = Release|Any CPU
		{56C02523-2720-4C8B-B1D2-6BFA792D025F}.Release|Any CPU.Build.0 = Release|Any CPU
		{56C02523-2720-4C8B-B1D2-6BFA792D025F}.Release|Any CPU.Deploy.0 = Release|Any CPU
		{56C02523-2720-4C8B-B1D2-6BFA792D025F}.Release|ARM.ActiveCfg = Release|Any CPU
		{56C02523-2720-4C8B-B1D2-6BFA792D025F}.Release|ARM.Build.0 = Release|Any CPU
		{56C02523-2720-4C8B-B1D2-6BFA792D025F}.Release|ARM.Deploy.0 = Release|Any CPU
		{56C02523-2720-4C8B-B1D2-6BFA792D025F}.Release|x64.ActiveCfg = Release|Any CPU
		{56C02523-2720-4C8B-B1D2-6BFA792D025F}.Release|x64.Build.0 = Release|Any CPU
		{56C02523-2720-4C8B-B1D2-6BFA792D025F}.Release|x64.Deploy.0 = Release|Any CPU
		{56C02523-2720-4C8B-B1D2-6BFA792D025F}.Release|x86.ActiveCfg = Release|Any CPU
		{56C02523-2720-4C8B-B1D2-6BFA792D025F}.Release|x86.Build.0 = Release|Any CPU
		{56C02523-2720-4C8B-B1D2-6BFA792D025F}.Release|x86.Deploy.0 = Release|Any CPU
		{8F9E5977-29C2-4F3E-92FA-D4FD09B5B76D}.Debug|Any CPU.ActiveCfg = Debug|Any CPU
		{8F9E5977-29C2-4F3E-92FA-D4FD09B5B76D}.Debug|ARM.ActiveCfg = Debug|Any CPU
		{8F9E5977-29C2-4F3E-92FA-D4FD09B5B76D}.Debug|ARM.Build.0 = Debug|Any CPU
		{8F9E5977-29C2-4F3E-92FA-D4FD09B5B76D}.Debug|x64.ActiveCfg = Debug|Any CPU
		{8F9E5977-29C2-4F3E-92FA-D4FD09B5B76D}.Debug|x64.Build.0 = Debug|Any CPU
		{8F9E5977-29C2-4F3E-92FA-D4FD09B5B76D}.Debug|x86.ActiveCfg = Debug|Any CPU
		{8F9E5977-29C2-4F3E-92FA-D4FD09B5B76D}.Debug|x86.Build.0 = Debug|Any CPU
		{8F9E5977-29C2-4F3E-92FA-D4FD09B5B76D}.Release|Any CPU.ActiveCfg = Release|Any CPU
		{8F9E5977-29C2-4F3E-92FA-D4FD09B5B76D}.Release|Any CPU.Build.0 = Release|Any CPU
		{8F9E5977-29C2-4F3E-92FA-D4FD09B5B76D}.Release|ARM.ActiveCfg = Release|Any CPU
		{8F9E5977-29C2-4F3E-92FA-D4FD09B5B76D}.Release|ARM.Build.0 = Release|Any CPU
		{8F9E5977-29C2-4F3E-92FA-D4FD09B5B76D}.Release|x64.ActiveCfg = Release|Any CPU
		{8F9E5977-29C2-4F3E-92FA-D4FD09B5B76D}.Release|x64.Build.0 = Release|Any CPU
		{8F9E5977-29C2-4F3E-92FA-D4FD09B5B76D}.Release|x86.ActiveCfg = Release|Any CPU
		{8F9E5977-29C2-4F3E-92FA-D4FD09B5B76D}.Release|x86.Build.0 = Release|Any CPU
	EndGlobalSection
	GlobalSection(SolutionProperties) = preSolution
		HideSolutionNode = FALSE
	EndGlobalSection
	GlobalSection(ExtensibilityGlobals) = postSolution
		SolutionGuid = {C2CD6CE6-7FDE-4532-81D5-0C8FCA55DDDC}
	EndGlobalSection
EndGlobal
